<Solution>
  <Project Path="ReservationService.Application/ReservationService.Application.csproj" />
  <Project Path="ReservationService.Domain/ReservationService.Domain.csproj" />
  <Project Path="ReservationService.Infrastructure/ReservationService.Infrastructure.csproj" />
  <Project Path="ReservationService/ReservationService.csproj" />
</Solution>
